// !$*UTF8*$!
{
	archiveVersion = 1;
	classes = {
	};
	objectVersion = 46;
	objects = {

/* Begin PBXBuildFile section */
		CA2D182A176FF58400959121 /* CustomHeader.m in Sources */ = {isa = PBXBuildFile; fileRef = CA2D1829176FF58400959121 /* CustomHeader.m */; };
		CA4A82A4176DB0E20077E78A /* CustomCellBackground.m in Sources */ = {isa = PBXBuildFile; fileRef = CA4A82A3176DB0E20077E78A /* CustomCellBackground.m */; };
		CA4A82A7176DB66C0077E78A /* Common.m in Sources */ = {isa = PBXBuildFile; fileRef = CA4A82A6176DB66C0077E78A /* Common.m */; };
		CAA93FD4176D9E8800CB6308 /* UIKit.framework in Frameworks */ = {isa = PBXBuildFile; fileRef = CAA93FD3176D9E8800CB6308 /* UIKit.framework */; };
		CAA93FD6176D9E8800CB6308 /* Foundation.framework in Frameworks */ = {isa = PBXBuildFile; fileRef = CAA93FD5176D9E8800CB6308 /* Foundation.framework */; };
		CAA93FD8176D9E8800CB6308 /* CoreGraphics.framework in Frameworks */ = {isa = PBXBuildFile; fileRef = CAA93FD7176D9E8800CB6308 /* CoreGraphics.framework */; };
		CAA93FDE176D9E8800CB6308 /* InfoPlist.strings in Resources */ = {isa = PBXBuildFile; fileRef = CAA93FDC176D9E8800CB6308 /* InfoPlist.strings */; };
		CAA93FE0176D9E8800CB6308 /* main.m in Sources */ = {isa = PBXBuildFile; fileRef = CAA93FDF176D9E8800CB6308 /* main.m */; };
		CAA93FE4176D9E8800CB6308 /* AppDelegate.m in Sources */ = {isa = PBXBuildFile; fileRef = CAA93FE3176D9E8800CB6308 /* AppDelegate.m */; };
		CAA93FE6176D9E8800CB6308 /* Default.png in Resources */ = {isa = PBXBuildFile; fileRef = CAA93FE5176D9E8800CB6308 /* Default.png */; };
		CAA93FE8176D9E8800CB6308 /* Default@2x.png in Resources */ = {isa = PBXBuildFile; fileRef = CAA93FE7176D9E8800CB6308 /* Default@2x.png */; };
		CAA93FEA176D9E8800CB6308 /* Default-568h@2x.png in Resources */ = {isa = PBXBuildFile; fileRef = CAA93FE9176D9E8800CB6308 /* Default-568h@2x.png */; };
		CAA93FED176D9E8800CB6308 /* MainStoryboard.storyboard in Resources */ = {isa = PBXBuildFile; fileRef = CAA93FEB176D9E8800CB6308 /* MainStoryboard.storyboard */; };
		CAA93FF8176D9EF100CB6308 /* CoolTableViewController.m in Sources */ = {isa = PBXBuildFile; fileRef = CAA93FF7176D9EF100CB6308 /* CoolTableViewController.m */; };
		CAB3520A177025D500BA49C6 /* CustomFooter.m in Sources */ = {isa = PBXBuildFile; fileRef = CAB35209177025D500BA49C6 /* CustomFooter.m */; };
		CAB3520C177072D200BA49C6 /* main_bg.jpg in Resources */ = {isa = PBXBuildFile; fileRef = CAB3520B177072D200BA49C6 /* main_bg.jpg */; };
/* End PBXBuildFile section */

/* Begin PBXFileReference section */
		CA2D1828176FF58400959121 /* CustomHeader.h */ = {isa = PBXFileReference; fileEncoding = 4; lastKnownFileType = sourcecode.c.h; name = CustomHeader.h; path = ../CustomHeader.h; sourceTree = "<group>"; };
		CA2D1829176FF58400959121 /* CustomHeader.m */ = {isa = PBXFileReference; fileEncoding = 4; lastKnownFileType = sourcecode.c.objc; name = CustomHeader.m; path = ../CustomHeader.m; sourceTree = "<group>"; };
		CA4A82A2176DB0E20077E78A /* CustomCellBackground.h */ = {isa = PBXFileReference; fileEncoding = 4; lastKnownFileType = sourcecode.c.h; path = CustomCellBackground.h; sourceTree = "<group>"; };
		CA4A82A3176DB0E20077E78A /* CustomCellBackground.m */ = {isa = PBXFileReference; fileEncoding = 4; lastKnownFileType = sourcecode.c.objc; path = CustomCellBackground.m; sourceTree = "<group>"; };
		CA4A82A5176DB66C0077E78A /* Common.h */ = {isa = PBXFileReference; fileEncoding = 4; lastKnownFileType = sourcecode.c.h; path = Common.h; sourceTree = "<group>"; };
		CA4A82A6176DB66C0077E78A /* Common.m */ = {isa = PBXFileReference; fileEncoding = 4; lastKnownFileType = sourcecode.c.objc; path = Common.m; sourceTree = "<group>"; };
		CAA93FD0176D9E8800CB6308 /* CoolTable.app */ = {isa = PBXFileReference; explicitFileType = wrapper.application; includeInIndex = 0; path = CoolTable.app; sourceTree = BUILT_PRODUCTS_DIR; };
		CAA93FD3176D9E8800CB6308 /* UIKit.framework */ = {isa = PBXFileReference; lastKnownFileType = wrapper.framework; name = UIKit.framework; path = System/Library/Frameworks/UIKit.framework; sourceTree = SDKROOT; };
		CAA93FD5176D9E8800CB6308 /* Foundation.framework */ = {isa = PBXFileReference; lastKnownFileType = wrapper.framework; name = Foundation.framework; path = System/Library/Frameworks/Foundation.framework; sourceTree = SDKROOT; };
		CAA93FD7176D9E8800CB6308 /* CoreGraphics.framework */ = {isa = PBXFileReference; lastKnownFileType = wrapper.framework; name = CoreGraphics.framework; path = System/Library/Frameworks/CoreGraphics.framework; sourceTree = SDKROOT; };
		CAA93FDB176D9E8800CB6308 /* CoolTable-Info.plist */ = {isa = PBXFileReference; lastKnownFileType = text.plist.xml; path = "CoolTable-Info.plist"; sourceTree = "<group>"; };
		CAA93FDD176D9E8800CB6308 /* en */ = {isa = PBXFileReference; lastKnownFileType = text.plist.strings; name = en; path = en.lproj/InfoPlist.strings; sourceTree = "<group>"; };
		CAA93FDF176D9E8800CB6308 /* main.m */ = {isa = PBXFileReference; lastKnownFileType = sourcecode.c.objc; path = main.m; sourceTree = "<group>"; };
		CAA93FE1176D9E8800CB6308 /* CoolTable-Prefix.pch */ = {isa = PBXFileReference; lastKnownFileType = sourcecode.c.h; path = "CoolTable-Prefix.pch"; sourceTree = "<group>"; };
		CAA93FE2176D9E8800CB6308 /* AppDelegate.h */ = {isa = PBXFileReference; lastKnownFileType = sourcecode.c.h; path = AppDelegate.h; sourceTree = "<group>"; };
		CAA93FE3176D9E8800CB6308 /* AppDelegate.m */ = {isa = PBXFileReference; lastKnownFileType = sourcecode.c.objc; path = AppDelegate.m; sourceTree = "<group>"; };
		CAA93FE5176D9E8800CB6308 /* Default.png */ = {isa = PBXFileReference; lastKnownFileType = image.png; path = Default.png; sourceTree = "<group>"; };
		CAA93FE7176D9E8800CB6308 /* Default@2x.png */ = {isa = PBXFileReference; lastKnownFileType = image.png; path = "Default@2x.png"; sourceTree = "<group>"; };
		CAA93FE9176D9E8800CB6308 /* Default-568h@2x.png */ = {isa = PBXFileReference; lastKnownFileType = image.png; path = "Default-568h@2x.png"; sourceTree = "<group>"; };
		CAA93FEC176D9E8800CB6308 /* en */ = {isa = PBXFileReference; lastKnownFileType = file.storyboard; name = en; path = en.lproj/MainStoryboard.storyboard; sourceTree = "<group>"; };
		CAA93FF6176D9EF100CB6308 /* CoolTableViewController.h */ = {isa = PBXFileReference; fileEncoding = 4; lastKnownFileType = sourcecode.c.h; path = CoolTableViewController.h; sourceTree = SOURCE_ROOT; };
		CAA93FF7176D9EF100CB6308 /* CoolTableViewController.m */ = {isa = PBXFileReference; fileEncoding = 4; lastKnownFileType = sourcecode.c.objc; path = CoolTableViewController.m; sourceTree = SOURCE_ROOT; };
		CAB35208177025D500BA49C6 /* CustomFooter.h */ = {isa = PBXFileReference; fileEncoding = 4; lastKnownFileType = sourcecode.c.h; path = CustomFooter.h; sourceTree = "<group>"; };
		CAB35209177025D500BA49C6 /* CustomFooter.m */ = {isa = PBXFileReference; fileEncoding = 4; lastKnownFileType = sourcecode.c.objc; path = CustomFooter.m; sourceTree = "<group>"; };
		CAB3520B177072D200BA49C6 /* main_bg.jpg */ = {isa = PBXFileReference; lastKnownFileType = image.jpeg; path = main_bg.jpg; sourceTree = "<group>"; };
/* End PBXFileReference section */

/* Begin PBXFrameworksBuildPhase section */
		CAA93FCD176D9E8800CB6308 /* Frameworks */ = {
			isa = PBXFrameworksBuildPhase;
			buildActionMask = 2147483647;
			files = (
				CAA93FD4176D9E8800CB6308 /* UIKit.framework in Frameworks */,
				CAA93FD6176D9E8800CB6308 /* Foundation.framework in Frameworks */,
				CAA93FD8176D9E8800CB6308 /* CoreGraphics.framework in Frameworks */,
			);
			runOnlyForDeploymentPostprocessing = 0;
		};
/* End PBXFrameworksBuildPhase section */

/* Begin PBXGroup section */
		CAA93FC7176D9E8800CB6308 = {
			isa = PBXGroup;
			children = (
				CAA93FD9176D9E8800CB6308 /* CoolTable */,
				CAA93FD2176D9E8800CB6308 /* Frameworks */,
				CAA93FD1176D9E8800CB6308 /* Products */,
			);
			sourceTree = "<group>";
		};
		CAA93FD1176D9E8800CB6308 /* Products */ = {
			isa = PBXGroup;
			children = (
				CAA93FD0176D9E8800CB6308 /* CoolTable.app */,
			);
			name = Products;
			sourceTree = "<group>";
		};
		CAA93FD2176D9E8800CB6308 /* Frameworks */ = {
			isa = PBXGroup;
			children = (
				CAA93FD3176D9E8800CB6308 /* UIKit.framework */,
				CAA93FD5176D9E8800CB6308 /* Foundation.framework */,
				CAA93FD7176D9E8800CB6308 /* CoreGraphics.framework */,
			);
			name = Frameworks;
			sourceTree = "<group>";
		};
		CAA93FD9176D9E8800CB6308 /* CoolTable */ = {
			isa = PBXGroup;
			children = (
				CAB3520B177072D200BA49C6 /* main_bg.jpg */,
				CAA93FE2176D9E8800CB6308 /* AppDelegate.h */,
				CAA93FE3176D9E8800CB6308 /* AppDelegate.m */,
				CAA93FEB176D9E8800CB6308 /* MainStoryboard.storyboard */,
				CA4A82A2176DB0E20077E78A /* CustomCellBackground.h */,
				CA4A82A3176DB0E20077E78A /* CustomCellBackground.m */,
				CA2D1828176FF58400959121 /* CustomHeader.h */,
				CA2D1829176FF58400959121 /* CustomHeader.m */,
				CAB35208177025D500BA49C6 /* CustomFooter.h */,
				CAB35209177025D500BA49C6 /* CustomFooter.m */,
				CAA93FF6176D9EF100CB6308 /* CoolTableViewController.h */,
				CAA93FF7176D9EF100CB6308 /* CoolTableViewController.m */,
				CA4A82A5176DB66C0077E78A /* Common.h */,
				CA4A82A6176DB66C0077E78A /* Common.m */,
				CAA93FDA176D9E8800CB6308 /* Supporting Files */,
			);
			path = CoolTable;
			sourceTree = "<group>";
		};
		CAA93FDA176D9E8800CB6308 /* Supporting Files */ = {
			isa = PBXGroup;
			children = (
				CAA93FDB176D9E8800CB6308 /* CoolTable-Info.plist */,
				CAA93FDC176D9E8800CB6308 /* InfoPlist.strings */,
				CAA93FDF176D9E8800CB6308 /* main.m */,
				CAA93FE1176D9E8800CB6308 /* CoolTable-Prefix.pch */,
				CAA93FE5176D9E8800CB6308 /* Default.png */,
				CAA93FE7176D9E8800CB6308 /* Default@2x.png */,
				CAA93FE9176D9E8800CB6308 /* Default-568h@2x.png */,
			);
			name = "Supporting Files";
			sourceTree = "<group>";
		};
/* End PBXGroup section */

/* Begin PBXNativeTarget section */
		CAA93FCF176D9E8800CB6308 /* CoolTable */ = {
			isa = PBXNativeTarget;
			buildConfigurationList = CAA93FF3176D9E8800CB6308 /* Build configuration list for PBXNativeTarget "CoolTable" */;
			buildPhases = (
				CAA93FCC176D9E8800CB6308 /* Sources */,
				CAA93FCD176D9E8800CB6308 /* Frameworks */,
				CAA93FCE176D9E8800CB6308 /* Resources */,
			);
			buildRules = (
			);
			dependencies = (
			);
			name = CoolTable;
			productName = CoolTable;
			productReference = CAA93FD0176D9E8800CB6308 /* CoolTable.app */;
			productType = "com.apple.product-type.application";
		};
/* End PBXNativeTarget section */

/* Begin PBXProject section */
		CAA93FC8176D9E8800CB6308 /* Project object */ = {
			isa = PBXProject;
			attributes = {
				LastUpgradeCheck = 0460;
				ORGANIZATIONNAME = Lihang;
			};
			buildConfigurationList = CAA93FCB176D9E8800CB6308 /* Build configuration list for PBXProject "CoolTable" */;
			compatibilityVersion = "Xcode 3.2";
			developmentRegion = English;
			hasScannedForEncodings = 0;
			knownRegions = (
				en,
			);
			mainGroup = CAA93FC7176D9E8800CB6308;
			productRefGroup = CAA93FD1176D9E8800CB6308 /* Products */;
			projectDirPath = "";
			projectRoot = "";
			targets = (
				CAA93FCF176D9E8800CB6308 /* CoolTable */,
			);
		};
/* End PBXProject section */

/* Begin PBXResourcesBuildPhase section */
		CAA93FCE176D9E8800CB6308 /* Resources */ = {
			isa = PBXResourcesBuildPhase;
			buildActionMask = 2147483647;
			files = (
				CAA93FDE176D9E8800CB6308 /* InfoPlist.strings in Resources */,
				CAA93FE6176D9E8800CB6308 /* Default.png in Resources */,
				CAA93FE8176D9E8800CB6308 /* Default@2x.png in Resources */,
				CAA93FEA176D9E8800CB6308 /* Default-568h@2x.png in Resources */,
				CAA93FED176D9E8800CB6308 /* MainStoryboard.storyboard in Resources */,
				CAB3520C177072D200BA49C6 /* main_bg.jpg in Resources */,
			);
			runOnlyForDeploymentPostprocessing = 0;
		};
/* End PBXResourcesBuildPhase section */

/* Begin PBXSourcesBuildPhase section */
		CAA93FCC176D9E8800CB6308 /* Sources */ = {
			isa = PBXSourcesBuildPhase;
			buildActionMask = 2147483647;
			files = (
				CAA93FE0176D9E8800CB6308 /* main.m in Sources */,
				CAA93FE4176D9E8800CB6308 /* AppDelegate.m in Sources */,
				CAA93FF8176D9EF100CB6308 /* CoolTableViewController.m in Sources */,
				CA4A82A4176DB0E20077E78A /* CustomCellBackground.m in Sources */,
				CA4A82A7176DB66C0077E78A /* Common.m in Sources */,
				CA2D182A176FF58400959121 /* CustomHeader.m in Sources */,
				CAB3520A177025D500BA49C6 /* CustomFooter.m in Sources */,
			);
			runOnlyForDeploymentPostprocessing = 0;
		};
/* End PBXSourcesBuildPhase section */

/* Begin PBXVariantGroup section */
		CAA93FDC176D9E8800CB6308 /* InfoPlist.strings */ = {
			isa = PBXVariantGroup;
			children = (
				CAA93FDD176D9E8800CB6308 /* en */,
			);
			name = InfoPlist.strings;
			sourceTree = "<group>";
		};
		CAA93FEB176D9E8800CB6308 /* MainStoryboard.storyboard */ = {
			isa = PBXVariantGroup;
			children = (
				CAA93FEC176D9E8800CB6308 /* en */,
			);
			name = MainStoryboard.storyboard;
			sourceTree = "<group>";
		};
/* End PBXVariantGroup section */

/* Begin XCBuildConfiguration section */
		CAA93FF1176D9E8800CB6308 /* Debug */ = {
			isa = XCBuildConfiguration;
			buildSettings = {
				ALWAYS_SEARCH_USER_PATHS = NO;
				CLANG_CXX_LANGUAGE_STANDARD = "gnu++0x";
				CLANG_CXX_LIBRARY = "libc++";
				CLANG_ENABLE_OBJC_ARC = YES;
				CLANG_WARN_CONSTANT_CONVERSION = YES;
				CLANG_WARN_EMPTY_BODY = YES;
				CLANG_WARN_ENUM_CONVERSION = YES;
				CLANG_WARN_INT_CONVERSION = YES;
				CLANG_WARN__DUPLICATE_METHOD_MATCH = YES;
				CODE_SIGN_IDENTITY = "iPhone Developer: Hang Li (B4WB78DCEG)";
				"CODE_SIGN_IDENTITY[sdk=iphoneos*]" = "iPhone Developer";
				COPY_PHASE_STRIP = NO;
				GCC_C_LANGUAGE_STANDARD = gnu99;
				GCC_DYNAMIC_NO_PIC = NO;
				GCC_OPTIMIZATION_LEVEL = 0;
				GCC_PREPROCESSOR_DEFINITIONS = (
					"DEBUG=1",
					"$(inherited)",
				);
				GCC_SYMBOLS_PRIVATE_EXTERN = NO;
				GCC_WARN_ABOUT_RETURN_TYPE = YES;
				GCC_WARN_UNINITIALIZED_AUTOS = YES;
				GCC_WARN_UNUSED_VARIABLE = YES;
				IPHONEOS_DEPLOYMENT_TARGET = 5.0;
				ONLY_ACTIVE_ARCH = YES;
				PROVISIONING_PROFILE = "72E76468-5FD0-4859-A66A-3C404D67FEEE";
				SDKROOT = iphoneos;
			};
			name = Debug;
		};
		CAA93FF2176D9E8800CB6308 /* Release */ = {
			isa = XCBuildConfiguration;
			buildSettings = {
				ALWAYS_SEARCH_USER_PATHS = NO;
				CLANG_CXX_LANGUAGE_STANDARD = "gnu++0x";
				CLANG_CXX_LIBRARY = "libc++";
				CLANG_ENABLE_OBJC_ARC = YES;
				CLANG_WARN_CONSTANT_CONVERSION = YES;
				CLANG_WARN_EMPTY_BODY = YES;
				CLANG_WARN_ENUM_CONVERSION = YES;
				CLANG_WARN_INT_CONVERSION = YES;
				CLANG_WARN__DUPLICATE_METHOD_MATCH = YES;
				CODE_SIGN_IDENTITY = "iPhone Developer: Hang Li (B4WB78DCEG)";
				"CODE_SIGN_IDENTITY[sdk=iphoneos*]" = "iPhone Developer";
				COPY_PHASE_STRIP = YES;
				GCC_C_LANGUAGE_STANDARD = gnu99;
				GCC_WARN_ABOUT_RETURN_TYPE = YES;
				GCC_WARN_UNINITIALIZED_AUTOS = YES;
				GCC_WARN_UNUSED_VARIABLE = YES;
				IPHONEOS_DEPLOYMENT_TARGET = 5.0;
				OTHER_CFLAGS = "-DNS_BLOCK_ASSERTIONS=1";
				PROVISIONING_PROFILE = "229B999B-72C5-47FB-9D9F-F76E8E6AADA0";
				SDKROOT = iphoneos;
				VALIDATE_PRODUCT = YES;
			};
			name = Release;
		};
		CAA93FF4176D9E8800CB6308 /* Debug */ = {
			isa = XCBuildConfiguration;
			buildSettings = {
				GCC_PRECOMPILE_PREFIX_HEADER = YES;
				GCC_PREFIX_HEADER = "CoolTable/CoolTable-Prefix.pch";
				INFOPLIST_FILE = "CoolTable/CoolTable-Info.plist";
				PRODUCT_NAME = "$(TARGET_NAME)";
				WRAPPER_EXTENSION = app;
			};
			name = Debug;
		};
		CAA93FF5176D9E8800CB6308 /* Release */ = {
			isa = XCBuildConfiguration;
			buildSettings = {
				CODE_SIGN_IDENTITY = "iPhone Developer: Hang Li (B4WB78DCEG)";
				"CODE_SIGN_IDENTITY[sdk=iphoneos*]" = "iPhone Developer: Hang Li (B4WB78DCEG)";
				GCC_PRECOMPILE_PREFIX_HEADER = YES;
				GCC_PREFIX_HEADER = "CoolTable/CoolTable-Prefix.pch";
				INFOPLIST_FILE = "CoolTable/CoolTable-Info.plist";
				PRODUCT_NAME = "$(TARGET_NAME)";
				PROVISIONING_PROFILE = "72E76468-5FD0-4859-A66A-3C404D67FEEE";
				"PROVISIONING_PROFILE[sdk=iphoneos*]" = "72E76468-5FD0-4859-A66A-3C404D67FEEE";
				WRAPPER_EXTENSION = app;
			};
			name = Release;
		};
/* End XCBuildConfiguration section */

/* Begin XCConfigurationList section */
		CAA93FCB176D9E8800CB6308 /* Build configuration list for PBXProject "CoolTable" */ = {
			isa = XCConfigurationList;
			buildConfigurations = (
				CAA93FF1176D9E8800CB6308 /* Debug */,
				CAA93FF2176D9E8800CB6308 /* Release */,
			);
			defaultConfigurationIsVisible = 0;
			defaultConfigurationName = Release;
		};
		CAA93FF3176D9E8800CB6308 /* Build configuration list for PBXNativeTarget "CoolTable" */ = {
			isa = XCConfigurationList;
			buildConfigurations = (
				CAA93FF4176D9E8800CB6308 /* Debug */,
				CAA93FF5176D9E8800CB6308 /* Release */,
			);
			defaultConfigurationIsVisible = 0;
			defaultConfigurationName = Release;
		};
/* End XCConfigurationList section */
	};
	rootObject = CAA93FC8176D9E8800CB6308 /* Project object */;
}
